
Microsoft Visual Studio Solution File, Format Version 12.00
# Visual Studio Version 17
VisualStudioVersion = 17.7.34031.279
MinimumVisualStudioVersion = 10.0.40219.1
Project("{FAE04EC0-301F-11D3-BF4B-00C04F79EFBC}") = "Alg2DuctTape", "Alg2DuctTape\Alg2DuctTape.csproj", "{B12BFF20-8D86-41FC-8DEA-90DFE622707B}"
EndProject
Global
	GlobalSection(SolutionConfigurationPlatforms) = preSolution
		Debug|Any CPU = Debug|Any CPU
		Release|Any CPU = Release|Any CPU
	EndGlobalSection
	GlobalSection(ProjectConfigurationPlatforms) = postSolution
		{B12BFF20-8D86-41FC-8DEA-90DFE622707B}.Debug|Any CPU.ActiveCfg = Debug|Any CPU
		{B12BFF20-8D86-41FC-8DEA-90DFE622707B}.Debug|Any CPU.Build.0 = Debug|Any CPU
		{B12BFF20-8D86-41FC-8DEA-90DFE622707B}.Release|Any CPU.ActiveCfg = Release|Any CPU
		{B12BFF20-8D86-41FC-8DEA-90DFE622707B}.Release|Any CPU.Build.0 = Release|Any CPU
	EndGlobalSection
	GlobalSection(SolutionProperties) = preSolution
		HideSolutionNode = FALSE
	EndGlobalSection
	GlobalSection(ExtensibilityGlobals) = postSolution
		SolutionGuid = {0CA01F44-1448-4C8D-A693-56AE40D5A49F}
	EndGlobalSection
EndGlobal
